
Microsoft Visual Studio Solution File, Format Version 12.00
# Visual Studio Version 17
VisualStudioVersion = 17.5.33424.131
MinimumVisualStudioVersion = 10.0.40219.1
Project("{2150E333-8FDC-42A3-9474-1A3956D46DE8}") = "IDS", "IDS", "{9832DB48-52A4-4600-AB84-BAC52CFC5C3C}"
EndProject
Project("{2150E333-8FDC-42A3-9474-1A3956D46DE8}") = "Common", "Common", "{2CC32BB4-A9D4-4EEF-BAE8-A72E41A44723}"
EndProject
Project("{2150E333-8FDC-42A3-9474-1A3956D46DE8}") = "UZ", "UZ", "{7DB518F9-9A08-45E0-8C10-BACB2DA46B09}"
EndProject
Project("{2150E333-8FDC-42A3-9474-1A3956D46DE8}") = "Testing", "Testing", "{93C0B067-29BC-4ED4-A9E3-48B5D4E83584}"
EndProject
Project("{2150E333-8FDC-42A3-9474-1A3956D46DE8}") = "Web", "Web", "{7FFD9B8D-EE49-48FF-97F5-9FF8E3C39D7F}"
EndProject
Project("{9A19103F-16F7-4668-BE54-9A1E7A4F7556}") = "EFIDS", "EFIDS\EFIDS.csproj", "{FE933BF1-3E62-498D-8DDE-13E36BD1415A}"
EndProject
Project("{9A19103F-16F7-4668-BE54-9A1E7A4F7556}") = "IDS", "IDS\IDS.csproj", "{7569EE79-2C20-422F-A713-1C2DB0DB3B38}"
EndProject
Project("{9A19103F-16F7-4668-BE54-9A1E7A4F7556}") = "WebApiToken", "WebApiToken\WebApiToken.csproj", "{AB071A86-264E-4BD3-9547-08F70E9CBA67}"
EndProject
Project("{9A19103F-16F7-4668-BE54-9A1E7A4F7556}") = "GIVC", "GIVC_Client\GIVC.csproj", "{84F86215-2102-4824-A109-F93ACCEC7F41}"
EndProject
Project("{9A19103F-16F7-4668-BE54-9A1E7A4F7556}") = "Test", "Test\Test.csproj", "{52E5F7B1-DD98-4752-AC2C-1905EBA069F8}"
EndProject
Project("{9A19103F-16F7-4668-BE54-9A1E7A4F7556}") = "IDSRW_WS", "IDSRW_WS\IDSRW_WS.csproj", "{C1C100DC-1BF4-4593-B98B-04C97CF6E71F}"
EndProject
Project("{9A19103F-16F7-4668-BE54-9A1E7A4F7556}") = "IDSRW_API", "IDSRW_API\IDSRW_API.csproj", "{E99E0A8B-040A-492A-9A05-D5AFBF228382}"
EndProject
Project("{9A19103F-16F7-4668-BE54-9A1E7A4F7556}") = "IDSRW_UI", "IDSRW_UI\IDSRW_UI.csproj", "{E9822F92-BEDC-4E01-9AFC-C3569AF85F68}"
EndProject
Project("{FAE04EC0-301F-11D3-BF4B-00C04F79EFBC}") = "WebTest", "WebTest\WebTest.csproj", "{497435D6-DBB8-4476-A5EB-8F255042569E}"
EndProject
Global
	GlobalSection(SolutionConfigurationPlatforms) = preSolution
		Debug|Any CPU = Debug|Any CPU
		Release|Any CPU = Release|Any CPU
	EndGlobalSection
	GlobalSection(ProjectConfigurationPlatforms) = postSolution
		{FE933BF1-3E62-498D-8DDE-13E36BD1415A}.Debug|Any CPU.ActiveCfg = Debug|Any CPU
		{FE933BF1-3E62-498D-8DDE-13E36BD1415A}.Debug|Any CPU.Build.0 = Debug|Any CPU
		{FE933BF1-3E62-498D-8DDE-13E36BD1415A}.Release|Any CPU.ActiveCfg = Release|Any CPU
		{FE933BF1-3E62-498D-8DDE-13E36BD1415A}.Release|Any CPU.Build.0 = Release|Any CPU
		{7569EE79-2C20-422F-A713-1C2DB0DB3B38}.Debug|Any CPU.ActiveCfg = Debug|Any CPU
		{7569EE79-2C20-422F-A713-1C2DB0DB3B38}.Debug|Any CPU.Build.0 = Debug|Any CPU
		{7569EE79-2C20-422F-A713-1C2DB0DB3B38}.Release|Any CPU.ActiveCfg = Release|Any CPU
		{7569EE79-2C20-422F-A713-1C2DB0DB3B38}.Release|Any CPU.Build.0 = Release|Any CPU
		{AB071A86-264E-4BD3-9547-08F70E9CBA67}.Debug|Any CPU.ActiveCfg = Debug|Any CPU
		{AB071A86-264E-4BD3-9547-08F70E9CBA67}.Debug|Any CPU.Build.0 = Debug|Any CPU
		{AB071A86-264E-4BD3-9547-08F70E9CBA67}.Release|Any CPU.ActiveCfg = Release|Any CPU
		{AB071A86-264E-4BD3-9547-08F70E9CBA67}.Release|Any CPU.Build.0 = Release|Any CPU
		{84F86215-2102-4824-A109-F93ACCEC7F41}.Debug|Any CPU.ActiveCfg = Debug|Any CPU
		{84F86215-2102-4824-A109-F93ACCEC7F41}.Debug|Any CPU.Build.0 = Debug|Any CPU
		{84F86215-2102-4824-A109-F93ACCEC7F41}.Release|Any CPU.ActiveCfg = Release|Any CPU
		{84F86215-2102-4824-A109-F93ACCEC7F41}.Release|Any CPU.Build.0 = Release|Any CPU
		{52E5F7B1-DD98-4752-AC2C-1905EBA069F8}.Debug|Any CPU.ActiveCfg = Debug|Any CPU
		{52E5F7B1-DD98-4752-AC2C-1905EBA069F8}.Debug|Any CPU.Build.0 = Debug|Any CPU
		{52E5F7B1-DD98-4752-AC2C-1905EBA069F8}.Release|Any CPU.ActiveCfg = Release|Any CPU
		{52E5F7B1-DD98-4752-AC2C-1905EBA069F8}.Release|Any CPU.Build.0 = Release|Any CPU
		{C1C100DC-1BF4-4593-B98B-04C97CF6E71F}.Debug|Any CPU.ActiveCfg = Debug|Any CPU
		{C1C100DC-1BF4-4593-B98B-04C97CF6E71F}.Debug|Any CPU.Build.0 = Debug|Any CPU
		{C1C100DC-1BF4-4593-B98B-04C97CF6E71F}.Release|Any CPU.ActiveCfg = Release|Any CPU
		{C1C100DC-1BF4-4593-B98B-04C97CF6E71F}.Release|Any CPU.Build.0 = Release|Any CPU
		{E99E0A8B-040A-492A-9A05-D5AFBF228382}.Debug|Any CPU.ActiveCfg = Debug|Any CPU
		{E99E0A8B-040A-492A-9A05-D5AFBF228382}.Debug|Any CPU.Build.0 = Debug|Any CPU
		{E99E0A8B-040A-492A-9A05-D5AFBF228382}.Release|Any CPU.ActiveCfg = Release|Any CPU
		{E99E0A8B-040A-492A-9A05-D5AFBF228382}.Release|Any CPU.Build.0 = Release|Any CPU
		{E9822F92-BEDC-4E01-9AFC-C3569AF85F68}.Debug|Any CPU.ActiveCfg = Debug|Any CPU
		{E9822F92-BEDC-4E01-9AFC-C3569AF85F68}.Debug|Any CPU.Build.0 = Debug|Any CPU
		{E9822F92-BEDC-4E01-9AFC-C3569AF85F68}.Release|Any CPU.ActiveCfg = Release|Any CPU
		{E9822F92-BEDC-4E01-9AFC-C3569AF85F68}.Release|Any CPU.Build.0 = Release|Any CPU
		{497435D6-DBB8-4476-A5EB-8F255042569E}.Debug|Any CPU.ActiveCfg = Debug|Any CPU
		{497435D6-DBB8-4476-A5EB-8F255042569E}.Debug|Any CPU.Build.0 = Debug|Any CPU
		{497435D6-DBB8-4476-A5EB-8F255042569E}.Release|Any CPU.ActiveCfg = Release|Any CPU
		{497435D6-DBB8-4476-A5EB-8F255042569E}.Release|Any CPU.Build.0 = Release|Any CPU
	EndGlobalSection
	GlobalSection(SolutionProperties) = preSolution
		HideSolutionNode = FALSE
	EndGlobalSection
	GlobalSection(NestedProjects) = preSolution
		{FE933BF1-3E62-498D-8DDE-13E36BD1415A} = {9832DB48-52A4-4600-AB84-BAC52CFC5C3C}
		{7569EE79-2C20-422F-A713-1C2DB0DB3B38} = {9832DB48-52A4-4600-AB84-BAC52CFC5C3C}
		{AB071A86-264E-4BD3-9547-08F70E9CBA67} = {2CC32BB4-A9D4-4EEF-BAE8-A72E41A44723}
		{84F86215-2102-4824-A109-F93ACCEC7F41} = {7DB518F9-9A08-45E0-8C10-BACB2DA46B09}
		{52E5F7B1-DD98-4752-AC2C-1905EBA069F8} = {93C0B067-29BC-4ED4-A9E3-48B5D4E83584}
		{C1C100DC-1BF4-4593-B98B-04C97CF6E71F} = {9832DB48-52A4-4600-AB84-BAC52CFC5C3C}
		{E99E0A8B-040A-492A-9A05-D5AFBF228382} = {7FFD9B8D-EE49-48FF-97F5-9FF8E3C39D7F}
		{E9822F92-BEDC-4E01-9AFC-C3569AF85F68} = {7FFD9B8D-EE49-48FF-97F5-9FF8E3C39D7F}
		{497435D6-DBB8-4476-A5EB-8F255042569E} = {7FFD9B8D-EE49-48FF-97F5-9FF8E3C39D7F}
	EndGlobalSection
	GlobalSection(ExtensibilityGlobals) = postSolution
		SolutionGuid = {FBDA4B9C-B350-410F-9D9C-9994E871D3FE}
	EndGlobalSection
EndGlobal
